
Microsoft Visual Studio Solution File, Format Version 12.00
# Visual Studio 2012
Project("{2150E333-8FDC-42A3-9474-1A3956D46DE8}") = ".nuget", ".nuget", "{5A68028F-5CA5-4886-A6B8-252772E9E420}"
	ProjectSection(SolutionItems) = preProject
		.nuget\NuGet.Config = .nuget\NuGet.Config
		.nuget\NuGet.exe = .nuget\NuGet.exe
		.nuget\NuGet.targets = .nuget\NuGet.targets
	EndProjectSection
EndProject
Project("{FAE04EC0-301F-11D3-BF4B-00C04F79EFBC}") = "GameLogic", "GameLogic\GameLogic.csproj", "{48BCBF2B-D695-40AE-BC6F-CCDD88C4160A}"
EndProject
Project("{FAE04EC0-301F-11D3-BF4B-00C04F79EFBC}") = "GameLogic.Tests", "GameLogic.Tests\GameLogic.Tests.csproj", "{0D680F10-D81B-4632-B764-6BB63428D469}"
EndProject
Project("{FAE04EC0-301F-11D3-BF4B-00C04F79EFBC}") = "Mastermind", "Mastermind\Mastermind.csproj", "{F17048A5-1BF2-4192-858B-93CF5320B51E}"
EndProject
Global
	GlobalSection(SolutionConfigurationPlatforms) = preSolution
		Debug|Any CPU = Debug|Any CPU
		Debug|ARM = Debug|ARM
		Debug|x64 = Debug|x64
		Debug|x86 = Debug|x86
		Release|Any CPU = Release|Any CPU
		Release|ARM = Release|ARM
		Release|x64 = Release|x64
		Release|x86 = Release|x86
	EndGlobalSection
	GlobalSection(ProjectConfigurationPlatforms) = postSolution
		{48BCBF2B-D695-40AE-BC6F-CCDD88C4160A}.Debug|Any CPU.ActiveCfg = Debug|Any CPU
		{48BCBF2B-D695-40AE-BC6F-CCDD88C4160A}.Debug|Any CPU.Build.0 = Debug|Any CPU
		{48BCBF2B-D695-40AE-BC6F-CCDD88C4160A}.Debug|ARM.ActiveCfg = Debug|ARM
		{48BCBF2B-D695-40AE-BC6F-CCDD88C4160A}.Debug|ARM.Build.0 = Debug|ARM
		{48BCBF2B-D695-40AE-BC6F-CCDD88C4160A}.Debug|x64.ActiveCfg = Debug|x64
		{48BCBF2B-D695-40AE-BC6F-CCDD88C4160A}.Debug|x64.Build.0 = Debug|x64
		{48BCBF2B-D695-40AE-BC6F-CCDD88C4160A}.Debug|x86.ActiveCfg = Debug|x86
		{48BCBF2B-D695-40AE-BC6F-CCDD88C4160A}.Debug|x86.Build.0 = Debug|x86
		{48BCBF2B-D695-40AE-BC6F-CCDD88C4160A}.Release|Any CPU.ActiveCfg = Release|Any CPU
		{48BCBF2B-D695-40AE-BC6F-CCDD88C4160A}.Release|Any CPU.Build.0 = Release|Any CPU
		{48BCBF2B-D695-40AE-BC6F-CCDD88C4160A}.Release|ARM.ActiveCfg = Release|ARM
		{48BCBF2B-D695-40AE-BC6F-CCDD88C4160A}.Release|ARM.Build.0 = Release|ARM
		{48BCBF2B-D695-40AE-BC6F-CCDD88C4160A}.Release|x64.ActiveCfg = Release|x64
		{48BCBF2B-D695-40AE-BC6F-CCDD88C4160A}.Release|x64.Build.0 = Release|x64
		{48BCBF2B-D695-40AE-BC6F-CCDD88C4160A}.Release|x86.ActiveCfg = Release|x86
		{48BCBF2B-D695-40AE-BC6F-CCDD88C4160A}.Release|x86.Build.0 = Release|x86
		{0D680F10-D81B-4632-B764-6BB63428D469}.Debug|Any CPU.ActiveCfg = Debug|Any CPU
		{0D680F10-D81B-4632-B764-6BB63428D469}.Debug|Any CPU.Build.0 = Debug|Any CPU
		{0D680F10-D81B-4632-B764-6BB63428D469}.Debug|Any CPU.Deploy.0 = Debug|Any CPU
		{0D680F10-D81B-4632-B764-6BB63428D469}.Debug|ARM.ActiveCfg = Debug|ARM
		{0D680F10-D81B-4632-B764-6BB63428D469}.Debug|ARM.Build.0 = Debug|ARM
		{0D680F10-D81B-4632-B764-6BB63428D469}.Debug|ARM.Deploy.0 = Debug|ARM
		{0D680F10-D81B-4632-B764-6BB63428D469}.Debug|x64.ActiveCfg = Debug|x64
		{0D680F10-D81B-4632-B764-6BB63428D469}.Debug|x64.Build.0 = Debug|x64
		{0D680F10-D81B-4632-B764-6BB63428D469}.Debug|x64.Deploy.0 = Debug|x64
		{0D680F10-D81B-4632-B764-6BB63428D469}.Debug|x86.ActiveCfg = Debug|x86
		{0D680F10-D81B-4632-B764-6BB63428D469}.Debug|x86.Build.0 = Debug|x86
		{0D680F10-D81B-4632-B764-6BB63428D469}.Debug|x86.Deploy.0 = Debug|x86
		{0D680F10-D81B-4632-B764-6BB63428D469}.Release|Any CPU.ActiveCfg = Release|Any CPU
		{0D680F10-D81B-4632-B764-6BB63428D469}.Release|Any CPU.Build.0 = Release|Any CPU
		{0D680F10-D81B-4632-B764-6BB63428D469}.Release|Any CPU.Deploy.0 = Release|Any CPU
		{0D680F10-D81B-4632-B764-6BB63428D469}.Release|ARM.ActiveCfg = Release|ARM
		{0D680F10-D81B-4632-B764-6BB63428D469}.Release|ARM.Build.0 = Release|ARM
		{0D680F10-D81B-4632-B764-6BB63428D469}.Release|ARM.Deploy.0 = Release|ARM
		{0D680F10-D81B-4632-B764-6BB63428D469}.Release|x64.ActiveCfg = Release|x64
		{0D680F10-D81B-4632-B764-6BB63428D469}.Release|x64.Build.0 = Release|x64
		{0D680F10-D81B-4632-B764-6BB63428D469}.Release|x64.Deploy.0 = Release|x64
		{0D680F10-D81B-4632-B764-6BB63428D469}.Release|x86.ActiveCfg = Release|x86
		{0D680F10-D81B-4632-B764-6BB63428D469}.Release|x86.Build.0 = Release|x86
		{0D680F10-D81B-4632-B764-6BB63428D469}.Release|x86.Deploy.0 = Release|x86
		{F17048A5-1BF2-4192-858B-93CF5320B51E}.Debug|Any CPU.ActiveCfg = Debug|Any CPU
		{F17048A5-1BF2-4192-858B-93CF5320B51E}.Debug|Any CPU.Build.0 = Debug|Any CPU
		{F17048A5-1BF2-4192-858B-93CF5320B51E}.Debug|Any CPU.Deploy.0 = Debug|Any CPU
		{F17048A5-1BF2-4192-858B-93CF5320B51E}.Debug|ARM.ActiveCfg = Debug|ARM
		{F17048A5-1BF2-4192-858B-93CF5320B51E}.Debug|ARM.Build.0 = Debug|ARM
		{F17048A5-1BF2-4192-858B-93CF5320B51E}.Debug|ARM.Deploy.0 = Debug|ARM
		{F17048A5-1BF2-4192-858B-93CF5320B51E}.Debug|x64.ActiveCfg = Debug|x64
		{F17048A5-1BF2-4192-858B-93CF5320B51E}.Debug|x64.Build.0 = Debug|x64
		{F17048A5-1BF2-4192-858B-93CF5320B51E}.Debug|x64.Deploy.0 = Debug|x64
		{F17048A5-1BF2-4192-858B-93CF5320B51E}.Debug|x86.ActiveCfg = Debug|x86
		{F17048A5-1BF2-4192-858B-93CF5320B51E}.Debug|x86.Build.0 = Debug|x86
		{F17048A5-1BF2-4192-858B-93CF5320B51E}.Debug|x86.Deploy.0 = Debug|x86
		{F17048A5-1BF2-4192-858B-93CF5320B51E}.Release|Any CPU.ActiveCfg = Release|Any CPU
		{F17048A5-1BF2-4192-858B-93CF5320B51E}.Release|Any CPU.Build.0 = Release|Any CPU
		{F17048A5-1BF2-4192-858B-93CF5320B51E}.Release|Any CPU.Deploy.0 = Release|Any CPU
		{F17048A5-1BF2-4192-858B-93CF5320B51E}.Release|ARM.ActiveCfg = Release|ARM
		{F17048A5-1BF2-4192-858B-93CF5320B51E}.Release|ARM.Build.0 = Release|ARM
		{F17048A5-1BF2-4192-858B-93CF5320B51E}.Release|ARM.Deploy.0 = Release|ARM
		{F17048A5-1BF2-4192-858B-93CF5320B51E}.Release|x64.ActiveCfg = Release|x64
		{F17048A5-1BF2-4192-858B-93CF5320B51E}.Release|x64.Build.0 = Release|x64
		{F17048A5-1BF2-4192-858B-93CF5320B51E}.Release|x64.Deploy.0 = Release|x64
		{F17048A5-1BF2-4192-858B-93CF5320B51E}.Release|x86.ActiveCfg = Release|x86
		{F17048A5-1BF2-4192-858B-93CF5320B51E}.Release|x86.Build.0 = Release|x86
		{F17048A5-1BF2-4192-858B-93CF5320B51E}.Release|x86.Deploy.0 = Release|x86
	EndGlobalSection
	GlobalSection(SolutionProperties) = preSolution
		HideSolutionNode = FALSE
	EndGlobalSection
EndGlobal
